
Microsoft Visual Studio Solution File, Format Version 12.00
# Visual Studio Version 17
VisualStudioVersion = 17.5.33502.453
MinimumVisualStudioVersion = 10.0.40219.1
Project("{FAE04EC0-301F-11D3-BF4B-00C04F79EFBC}") = "ColorsControlPanel", "ColorsControlPanel\ColorsControlPanel.csproj", "{155B88F0-84AD-48D9-9AA0-94837C504955}"
EndProject
Global
	GlobalSection(SolutionConfigurationPlatforms) = preSolution
		Debug|Any CPU = Debug|Any CPU
		Release|Any CPU = Release|Any CPU
	EndGlobalSection
	GlobalSection(ProjectConfigurationPlatforms) = postSolution
		{155B88F0-84AD-48D9-9AA0-94837C504955}.Debug|Any CPU.ActiveCfg = Debug|Any CPU
		{155B88F0-84AD-48D9-9AA0-94837C504955}.Debug|Any CPU.Build.0 = Debug|Any CPU
		{155B88F0-84AD-48D9-9AA0-94837C504955}.Release|Any CPU.ActiveCfg = Release|Any CPU
		{155B88F0-84AD-48D9-9AA0-94837C504955}.Release|Any CPU.Build.0 = Release|Any CPU
	EndGlobalSection
	GlobalSection(SolutionProperties) = preSolution
		HideSolutionNode = FALSE
	EndGlobalSection
	GlobalSection(ExtensibilityGlobals) = postSolution
		SolutionGuid = {DA087454-7432-47E4-8E83-22E5EF0819F7}
	EndGlobalSection
EndGlobal
